
Microsoft Visual Studio Solution File, Format Version 12.00
# Visual Studio Version 16
VisualStudioVersion = 16.0.32126.315
MinimumVisualStudioVersion = 10.0.40219.1
Project("{FAE04EC0-301F-11D3-BF4B-00C04F79EFBC}") = "Examen1", "Examen1\Examen1.csproj", "{194C2220-6852-4327-9200-094615AF721B}"
EndProject
Global
	GlobalSection(SolutionConfigurationPlatforms) = preSolution
		Debug|Any CPU = Debug|Any CPU
		Release|Any CPU = Release|Any CPU
	EndGlobalSection
	GlobalSection(ProjectConfigurationPlatforms) = postSolution
		{194C2220-6852-4327-9200-094615AF721B}.Debug|Any CPU.ActiveCfg = Debug|Any CPU
		{194C2220-6852-4327-9200-094615AF721B}.Debug|Any CPU.Build.0 = Debug|Any CPU
		{194C2220-6852-4327-9200-094615AF721B}.Release|Any CPU.ActiveCfg = Release|Any CPU
		{194C2220-6852-4327-9200-094615AF721B}.Release|Any CPU.Build.0 = Release|Any CPU
	EndGlobalSection
	GlobalSection(SolutionProperties) = preSolution
		HideSolutionNode = FALSE
	EndGlobalSection
	GlobalSection(ExtensibilityGlobals) = postSolution
		SolutionGuid = {BA546A7A-524B-4BD5-8D09-8267C1E0E3BA}
	EndGlobalSection
EndGlobal
